// !$*UTF8*$!
{
	archiveVersion = 1;
	classes = {
	};
	objectVersion = 50;
	objects = {

/* Begin PBXBuildFile section */
		96617497223A5645000532D8 /* Person.m in Sources */ = {isa = PBXBuildFile; fileRef = 96617496223A5645000532D8 /* Person.m */; settings = {COMPILER_FLAGS = "-fno-objc-arc"; }; };
		9661749A223DF09F000532D8 /* MRCTestModel.m in Sources */ = {isa = PBXBuildFile; fileRef = 96617499223DF09F000532D8 /* MRCTestModel.m */; settings = {COMPILER_FLAGS = "-fno-objc-arc"; }; };
		9661749D223DF122000532D8 /* ARCTestModel.m in Sources */ = {isa = PBXBuildFile; fileRef = 9661749C223DF122000532D8 /* ARCTestModel.m */; settings = {COMPILER_FLAGS = "-fobjc-arc"; }; };
		966174A0223E17BA000532D8 /* msgSendModel.m in Sources */ = {isa = PBXBuildFile; fileRef = 9661749F223E17BA000532D8 /* msgSendModel.m */; };
		966174A3223E3823000532D8 /* Woman.m in Sources */ = {isa = PBXBuildFile; fileRef = 966174A2223E3823000532D8 /* Woman.m */; };
		966174A7223E42B9000532D8 /* NSObject+qbAutoArchive.m in Sources */ = {isa = PBXBuildFile; fileRef = 966174A6223E42B9000532D8 /* NSObject+qbAutoArchive.m */; };
		96B2B4C82236387F001F916E /* AppDelegate.m in Sources */ = {isa = PBXBuildFile; fileRef = 96B2B4C72236387F001F916E /* AppDelegate.m */; };
		96B2B4CB2236387F001F916E /* ViewController.m in Sources */ = {isa = PBXBuildFile; fileRef = 96B2B4CA2236387F001F916E /* ViewController.m */; };
		96B2B4CE2236387F001F916E /* Main.storyboard in Resources */ = {isa = PBXBuildFile; fileRef = 96B2B4CC2236387F001F916E /* Main.storyboard */; };
		96B2B4D022363881001F916E /* Assets.xcassets in Resources */ = {isa = PBXBuildFile; fileRef = 96B2B4CF22363881001F916E /* Assets.xcassets */; };
		96B2B4D322363881001F916E /* LaunchScreen.storyboard in Resources */ = {isa = PBXBuildFile; fileRef = 96B2B4D122363881001F916E /* LaunchScreen.storyboard */; };
		96B2B4D622363881001F916E /* main.m in Sources */ = {isa = PBXBuildFile; fileRef = 96B2B4D522363881001F916E /* main.m */; };
		96B2B52C22364C18001F916E /* NSDictionary+Swizzle.m in Sources */ = {isa = PBXBuildFile; fileRef = 96B2B50F22364C18001F916E /* NSDictionary+Swizzle.m */; };
		96B2B52D22364C18001F916E /* NSArray+Swizzing.m in Sources */ = {isa = PBXBuildFile; fileRef = 96B2B51022364C18001F916E /* NSArray+Swizzing.m */; };
		96B2B52E22364C18001F916E /* TestObject.m in Sources */ = {isa = PBXBuildFile; fileRef = 96B2B51422364C18001F916E /* TestObject.m */; };
		96B2B52F22364C18001F916E /* UIView+qbFrame.m in Sources */ = {isa = PBXBuildFile; fileRef = 96B2B51622364C18001F916E /* UIView+qbFrame.m */; };
		96B2B53022364C18001F916E /* NSDate+qbExtension.m in Sources */ = {isa = PBXBuildFile; fileRef = 96B2B51D22364C18001F916E /* NSDate+qbExtension.m */; };
		96B2B53122364C18001F916E /* UIColor+qbExtension.m in Sources */ = {isa = PBXBuildFile; fileRef = 96B2B51E22364C18001F916E /* UIColor+qbExtension.m */; };
		96B2B53222364C18001F916E /* UIImage+qbExtension.m in Sources */ = {isa = PBXBuildFile; fileRef = 96B2B52022364C18001F916E /* UIImage+qbExtension.m */; };
		96B2B53322364C18001F916E /* UIButton+qbLayoutInset.m in Sources */ = {isa = PBXBuildFile; fileRef = 96B2B52122364C18001F916E /* UIButton+qbLayoutInset.m */; };
		96B2B53422364C18001F916E /* UIFont+qbExtension.m in Sources */ = {isa = PBXBuildFile; fileRef = 96B2B52222364C18001F916E /* UIFont+qbExtension.m */; };
		96B2B53522364C18001F916E /* UIViewController+qbExtension.m in Sources */ = {isa = PBXBuildFile; fileRef = 96B2B52422364C18001F916E /* UIViewController+qbExtension.m */; };
		96B2B53622364C18001F916E /* UILabel+qbCopy.m in Sources */ = {isa = PBXBuildFile; fileRef = 96B2B52522364C18001F916E /* UILabel+qbCopy.m */; };
		96B2B53722364C18001F916E /* NSString+qbExtension.m in Sources */ = {isa = PBXBuildFile; fileRef = 96B2B52622364C18001F916E /* NSString+qbExtension.m */; };
		96B2B53822364C18001F916E /* UITextView+qbPlaceholder.m in Sources */ = {isa = PBXBuildFile; fileRef = 96B2B52822364C18001F916E /* UITextView+qbPlaceholder.m */; };
		96B2B53922364C18001F916E /* UIImage+qbColor.m in Sources */ = {isa = PBXBuildFile; fileRef = 96B2B52B22364C18001F916E /* UIImage+qbColor.m */; };
		96B2B53F223651CC001F916E /* CD_KeyChainManager.m in Sources */ = {isa = PBXBuildFile; fileRef = 96B2B53B223651CC001F916E /* CD_KeyChainManager.m */; };
		96B2B540223651CC001F916E /* CD_DeviceInfoCommon.m in Sources */ = {isa = PBXBuildFile; fileRef = 96B2B53E223651CC001F916E /* CD_DeviceInfoCommon.m */; };
		96B2B54322365263001F916E /* ZHCustomCommon.m in Sources */ = {isa = PBXBuildFile; fileRef = 96B2B54222365263001F916E /* ZHCustomCommon.m */; };
		96B2B54B22374574001F916E /* UIView+zhLoading.m in Sources */ = {isa = PBXBuildFile; fileRef = 96B2B54A22374574001F916E /* UIView+zhLoading.m */; };
		96B2B54E223748F8001F916E /* ZHLoadingView.m in Sources */ = {isa = PBXBuildFile; fileRef = 96B2B54D223748F8001F916E /* ZHLoadingView.m */; };
		96B2B5532237599A001F916E /* UIScrollView+zhEmpty.m in Sources */ = {isa = PBXBuildFile; fileRef = 96B2B5522237599A001F916E /* UIScrollView+zhEmpty.m */; };
		96B2B55622375BDB001F916E /* ZHEmptyView.m in Sources */ = {isa = PBXBuildFile; fileRef = 96B2B55522375BDB001F916E /* ZHEmptyView.m */; };
		96B2B559223774D7001F916E /* NSFileManager+qbExtension.m in Sources */ = {isa = PBXBuildFile; fileRef = 96B2B558223774D7001F916E /* NSFileManager+qbExtension.m */; };
		96B2B55B22378672001F916E /* 005.png in Resources */ = {isa = PBXBuildFile; fileRef = 96B2B55A22378671001F916E /* 005.png */; };
		96B2B55E22379412001F916E /* HZAudioRecorder.m in Sources */ = {isa = PBXBuildFile; fileRef = 96B2B55D22379412001F916E /* HZAudioRecorder.m */; };
		96C0E7E0225F14EB00D8F71A /* ListViewController.m in Sources */ = {isa = PBXBuildFile; fileRef = 96C0E7DE225F14EB00D8F71A /* ListViewController.m */; };
		96C0E7E1225F14EB00D8F71A /* ListViewController.xib in Resources */ = {isa = PBXBuildFile; fileRef = 96C0E7DF225F14EB00D8F71A /* ListViewController.xib */; };
		96C0E7E4225F16BA00D8F71A /* ZHSystemCameraViewController.m in Sources */ = {isa = PBXBuildFile; fileRef = 96C0E7E3225F16BA00D8F71A /* ZHSystemCameraViewController.m */; };
		96CA39A7224088630089EF4E /* ArchiveModel.m in Sources */ = {isa = PBXBuildFile; fileRef = 96CA39A6224088630089EF4E /* ArchiveModel.m */; };
		96CA39AA2240A9690089EF4E /* NSObject+Method.m in Sources */ = {isa = PBXBuildFile; fileRef = 96CA39A92240A9690089EF4E /* NSObject+Method.m */; };
		96CA39AF2240D3B20089EF4E /* ThreadModel.m in Sources */ = {isa = PBXBuildFile; fileRef = 96CA39AE2240D3B20089EF4E /* ThreadModel.m */; };
		96CA39B4224219500089EF4E /* copyTestModel.m in Sources */ = {isa = PBXBuildFile; fileRef = 96CA39B3224219500089EF4E /* copyTestModel.m */; };
		96CA39B7224219610089EF4E /* assinTestModel.m in Sources */ = {isa = PBXBuildFile; fileRef = 96CA39B6224219610089EF4E /* assinTestModel.m */; };
		96CA39BA224219760089EF4E /* weakTestModel.m in Sources */ = {isa = PBXBuildFile; fileRef = 96CA39B9224219760089EF4E /* weakTestModel.m */; };
		96CA39C3224324E80089EF4E /* TestXibViewController.m in Sources */ = {isa = PBXBuildFile; fileRef = 96CA39C1224324E80089EF4E /* TestXibViewController.m */; };
		96CA39C4224324E80089EF4E /* TestXibViewController.xib in Resources */ = {isa = PBXBuildFile; fileRef = 96CA39C2224324E80089EF4E /* TestXibViewController.xib */; };
		96CA39C62243251B0089EF4E /* TestViewController.m in Sources */ = {isa = PBXBuildFile; fileRef = 96CA39C52243251B0089EF4E /* TestViewController.m */; };
		96CA39CA224328610089EF4E /* TimerTestViewController.m in Sources */ = {isa = PBXBuildFile; fileRef = 96CA39C8224328610089EF4E /* TimerTestViewController.m */; };
		96CA39CB224328610089EF4E /* TimerTestViewController.xib in Resources */ = {isa = PBXBuildFile; fileRef = 96CA39C9224328610089EF4E /* TimerTestViewController.xib */; };
		96CA39CF2243290E0089EF4E /* TimerActionModel.m in Sources */ = {isa = PBXBuildFile; fileRef = 96CA39CE2243290E0089EF4E /* TimerActionModel.m */; };
		96CA39D922432C0C0089EF4E /* CricleModelTestA.m in Sources */ = {isa = PBXBuildFile; fileRef = 96CA39D822432C0C0089EF4E /* CricleModelTestA.m */; };
		96CA39DC22432C190089EF4E /* CricleModelTestB.m in Sources */ = {isa = PBXBuildFile; fileRef = 96CA39DB22432C190089EF4E /* CricleModelTestB.m */; };
		96CA39E4224330520089EF4E /* UIButton+Cate.m in Sources */ = {isa = PBXBuildFile; fileRef = 96CA39E3224330520089EF4E /* UIButton+Cate.m */; };
		96CA39E922433DC40089EF4E /* LayerTestView.m in Sources */ = {isa = PBXBuildFile; fileRef = 96CA39E822433DC40089EF4E /* LayerTestView.m */; };
/* End PBXBuildFile section */

/* Begin PBXFileReference section */
		96617495223A5645000532D8 /* Person.h */ = {isa = PBXFileReference; lastKnownFileType = sourcecode.c.h; path = Person.h; sourceTree = "<group>"; };
		96617496223A5645000532D8 /* Person.m */ = {isa = PBXFileReference; lastKnownFileType = sourcecode.c.objc; path = Person.m; sourceTree = "<group>"; };
		96617498223DF09F000532D8 /* MRCTestModel.h */ = {isa = PBXFileReference; lastKnownFileType = sourcecode.c.h; path = MRCTestModel.h; sourceTree = "<group>"; };
		96617499223DF09F000532D8 /* MRCTestModel.m */ = {isa = PBXFileReference; lastKnownFileType = sourcecode.c.objc; path = MRCTestModel.m; sourceTree = "<group>"; };
		9661749B223DF122000532D8 /* ARCTestModel.h */ = {isa = PBXFileReference; lastKnownFileType = sourcecode.c.h; path = ARCTestModel.h; sourceTree = "<group>"; };
		9661749C223DF122000532D8 /* ARCTestModel.m */ = {isa = PBXFileReference; lastKnownFileType = sourcecode.c.objc; path = ARCTestModel.m; sourceTree = "<group>"; };
		9661749E223E17BA000532D8 /* msgSendModel.h */ = {isa = PBXFileReference; lastKnownFileType = sourcecode.c.h; path = msgSendModel.h; sourceTree = "<group>"; };
		9661749F223E17BA000532D8 /* msgSendModel.m */ = {isa = PBXFileReference; lastKnownFileType = sourcecode.c.objc; path = msgSendModel.m; sourceTree = "<group>"; };
		966174A1223E3823000532D8 /* Woman.h */ = {isa = PBXFileReference; lastKnownFileType = sourcecode.c.h; path = Woman.h; sourceTree = "<group>"; };
		966174A2223E3823000532D8 /* Woman.m */ = {isa = PBXFileReference; lastKnownFileType = sourcecode.c.objc; path = Woman.m; sourceTree = "<group>"; };
		966174A5223E42B9000532D8 /* NSObject+qbAutoArchive.h */ = {isa = PBXFileReference; lastKnownFileType = sourcecode.c.h; path = "NSObject+qbAutoArchive.h"; sourceTree = "<group>"; };
		966174A6223E42B9000532D8 /* NSObject+qbAutoArchive.m */ = {isa = PBXFileReference; lastKnownFileType = sourcecode.c.objc; path = "NSObject+qbAutoArchive.m"; sourceTree = "<group>"; };
		96B2B4C32236387F001F916E /* ZHCustomKit.app */ = {isa = PBXFileReference; explicitFileType = wrapper.application; includeInIndex = 0; path = ZHCustomKit.app; sourceTree = BUILT_PRODUCTS_DIR; };
		96B2B4C62236387F001F916E /* AppDelegate.h */ = {isa = PBXFileReference; lastKnownFileType = sourcecode.c.h; path = AppDelegate.h; sourceTree = "<group>"; };
		96B2B4C72236387F001F916E /* AppDelegate.m */ = {isa = PBXFileReference; lastKnownFileType = sourcecode.c.objc; path = AppDelegate.m; sourceTree = "<group>"; };
		96B2B4C92236387F001F916E /* ViewController.h */ = {isa = PBXFileReference; lastKnownFileType = sourcecode.c.h; path = ViewController.h; sourceTree = "<group>"; };
		96B2B4CA2236387F001F916E /* ViewController.m */ = {isa = PBXFileReference; lastKnownFileType = sourcecode.c.objc; path = ViewController.m; sourceTree = "<group>"; };
		96B2B4CD2236387F001F916E /* Base */ = {isa = PBXFileReference; lastKnownFileType = file.storyboard; name = Base; path = Base.lproj/Main.storyboard; sourceTree = "<group>"; };
		96B2B4CF22363881001F916E /* Assets.xcassets */ = {isa = PBXFileReference; lastKnownFileType = folder.assetcatalog; path = Assets.xcassets; sourceTree = "<group>"; };
		96B2B4D222363881001F916E /* Base */ = {isa = PBXFileReference; lastKnownFileType = file.storyboard; name = Base; path = Base.lproj/LaunchScreen.storyboard; sourceTree = "<group>"; };
		96B2B4D422363881001F916E /* Info.plist */ = {isa = PBXFileReference; lastKnownFileType = text.plist.xml; path = Info.plist; sourceTree = "<group>"; };
		96B2B4D522363881001F916E /* main.m */ = {isa = PBXFileReference; lastKnownFileType = sourcecode.c.objc; path = main.m; sourceTree = "<group>"; };
		96B2B50F22364C18001F916E /* NSDictionary+Swizzle.m */ = {isa = PBXFileReference; fileEncoding = 4; lastKnownFileType = sourcecode.c.objc; path = "NSDictionary+Swizzle.m"; sourceTree = "<group>"; };
		96B2B51022364C18001F916E /* NSArray+Swizzing.m */ = {isa = PBXFileReference; fileEncoding = 4; lastKnownFileType = sourcecode.c.objc; path = "NSArray+Swizzing.m"; sourceTree = "<group>"; };
		96B2B51122364C18001F916E /* NSDictionary+Swizzle.h */ = {isa = PBXFileReference; fileEncoding = 4; lastKnownFileType = sourcecode.c.h; path = "NSDictionary+Swizzle.h"; sourceTree = "<group>"; };
		96B2B51222364C18001F916E /* NSArray+Swizzing.h */ = {isa = PBXFileReference; fileEncoding = 4; lastKnownFileType = sourcecode.c.h; path = "NSArray+Swizzing.h"; sourceTree = "<group>"; };
		96B2B51322364C18001F916E /* TestObject.h */ = {isa = PBXFileReference; fileEncoding = 4; lastKnownFileType = sourcecode.c.h; path = TestObject.h; sourceTree = "<group>"; };
		96B2B51422364C18001F916E /* TestObject.m */ = {isa = PBXFileReference; fileEncoding = 4; lastKnownFileType = sourcecode.c.objc; path = TestObject.m; sourceTree = "<group>"; };
		96B2B51622364C18001F916E /* UIView+qbFrame.m */ = {isa = PBXFileReference; fileEncoding = 4; lastKnownFileType = sourcecode.c.objc; path = "UIView+qbFrame.m"; sourceTree = "<group>"; };
		96B2B51722364C18001F916E /* UIFont+qbExtension.h */ = {isa = PBXFileReference; fileEncoding = 4; lastKnownFileType = sourcecode.c.h; path = "UIFont+qbExtension.h"; sourceTree = "<group>"; };
		96B2B51822364C18001F916E /* UIButton+qbLayoutInset.h */ = {isa = PBXFileReference; fileEncoding = 4; lastKnownFileType = sourcecode.c.h; path = "UIButton+qbLayoutInset.h"; sourceTree = "<group>"; };
		96B2B51922364C18001F916E /* NSString+qbExtension.h */ = {isa = PBXFileReference; fileEncoding = 4; lastKnownFileType = sourcecode.c.h; path = "NSString+qbExtension.h"; sourceTree = "<group>"; };
		96B2B51A22364C18001F916E /* UILabel+qbCopy.h */ = {isa = PBXFileReference; fileEncoding = 4; lastKnownFileType = sourcecode.c.h; path = "UILabel+qbCopy.h"; sourceTree = "<group>"; };
		96B2B51B22364C18001F916E /* UIViewController+qbExtension.h */ = {isa = PBXFileReference; fileEncoding = 4; lastKnownFileType = sourcecode.c.h; path = "UIViewController+qbExtension.h"; sourceTree = "<group>"; };
		96B2B51C22364C18001F916E /* UIImage+qbColor.h */ = {isa = PBXFileReference; fileEncoding = 4; lastKnownFileType = sourcecode.c.h; path = "UIImage+qbColor.h"; sourceTree = "<group>"; };
		96B2B51D22364C18001F916E /* NSDate+qbExtension.m */ = {isa = PBXFileReference; fileEncoding = 4; lastKnownFileType = sourcecode.c.objc; path = "NSDate+qbExtension.m"; sourceTree = "<group>"; };
		96B2B51E22364C18001F916E /* UIColor+qbExtension.m */ = {isa = PBXFileReference; fileEncoding = 4; lastKnownFileType = sourcecode.c.objc; path = "UIColor+qbExtension.m"; sourceTree = "<group>"; };
		96B2B51F22364C18001F916E /* UITextView+qbPlaceholder.h */ = {isa = PBXFileReference; fileEncoding = 4; lastKnownFileType = sourcecode.c.h; path = "UITextView+qbPlaceholder.h"; sourceTree = "<group>"; };
		96B2B52022364C18001F916E /* UIImage+qbExtension.m */ = {isa = PBXFileReference; fileEncoding = 4; lastKnownFileType = sourcecode.c.objc; path = "UIImage+qbExtension.m"; sourceTree = "<group>"; };
		96B2B52122364C18001F916E /* UIButton+qbLayoutInset.m */ = {isa = PBXFileReference; fileEncoding = 4; lastKnownFileType = sourcecode.c.objc; path = "UIButton+qbLayoutInset.m"; sourceTree = "<group>"; };
		96B2B52222364C18001F916E /* UIFont+qbExtension.m */ = {isa = PBXFileReference; fileEncoding = 4; lastKnownFileType = sourcecode.c.objc; path = "UIFont+qbExtension.m"; sourceTree = "<group>"; };
		96B2B52322364C18001F916E /* UIView+qbFrame.h */ = {isa = PBXFileReference; fileEncoding = 4; lastKnownFileType = sourcecode.c.h; path = "UIView+qbFrame.h"; sourceTree = "<group>"; };
		96B2B52422364C18001F916E /* UIViewController+qbExtension.m */ = {isa = PBXFileReference; fileEncoding = 4; lastKnownFileType = sourcecode.c.objc; path = "UIViewController+qbExtension.m"; sourceTree = "<group>"; };
		96B2B52522364C18001F916E /* UILabel+qbCopy.m */ = {isa = PBXFileReference; fileEncoding = 4; lastKnownFileType = sourcecode.c.objc; path = "UILabel+qbCopy.m"; sourceTree = "<group>"; };
		96B2B52622364C18001F916E /* NSString+qbExtension.m */ = {isa = PBXFileReference; fileEncoding = 4; lastKnownFileType = sourcecode.c.objc; path = "NSString+qbExtension.m"; sourceTree = "<group>"; };
		96B2B52722364C18001F916E /* UIImage+qbExtension.h */ = {isa = PBXFileReference; fileEncoding = 4; lastKnownFileType = sourcecode.c.h; path = "UIImage+qbExtension.h"; sourceTree = "<group>"; };
		96B2B52822364C18001F916E /* UITextView+qbPlaceholder.m */ = {isa = PBXFileReference; fileEncoding = 4; lastKnownFileType = sourcecode.c.objc; path = "UITextView+qbPlaceholder.m"; sourceTree = "<group>"; };
		96B2B52922364C18001F916E /* UIColor+qbExtension.h */ = {isa = PBXFileReference; fileEncoding = 4; lastKnownFileType = sourcecode.c.h; path = "UIColor+qbExtension.h"; sourceTree = "<group>"; };
		96B2B52A22364C18001F916E /* NSDate+qbExtension.h */ = {isa = PBXFileReference; fileEncoding = 4; lastKnownFileType = sourcecode.c.h; path = "NSDate+qbExtension.h"; sourceTree = "<group>"; };
		96B2B52B22364C18001F916E /* UIImage+qbColor.m */ = {isa = PBXFileReference; fileEncoding = 4; lastKnownFileType = sourcecode.c.objc; path = "UIImage+qbColor.m"; sourceTree = "<group>"; };
		96B2B53B223651CC001F916E /* CD_KeyChainManager.m */ = {isa = PBXFileReference; fileEncoding = 4; lastKnownFileType = sourcecode.c.objc; path = CD_KeyChainManager.m; sourceTree = "<group>"; };
		96B2B53C223651CC001F916E /* CD_DeviceInfoCommon.h */ = {isa = PBXFileReference; fileEncoding = 4; lastKnownFileType = sourcecode.c.h; path = CD_DeviceInfoCommon.h; sourceTree = "<group>"; };
		96B2B53D223651CC001F916E /* CD_KeyChainManager.h */ = {isa = PBXFileReference; fileEncoding = 4; lastKnownFileType = sourcecode.c.h; path = CD_KeyChainManager.h; sourceTree = "<group>"; };
		96B2B53E223651CC001F916E /* CD_DeviceInfoCommon.m */ = {isa = PBXFileReference; fileEncoding = 4; lastKnownFileType = sourcecode.c.objc; path = CD_DeviceInfoCommon.m; sourceTree = "<group>"; };
		96B2B54122365263001F916E /* ZHCustomCommon.h */ = {isa = PBXFileReference; lastKnownFileType = sourcecode.c.h; path = ZHCustomCommon.h; sourceTree = "<group>"; };
		96B2B54222365263001F916E /* ZHCustomCommon.m */ = {isa = PBXFileReference; lastKnownFileType = sourcecode.c.objc; path = ZHCustomCommon.m; sourceTree = "<group>"; };
		96B2B54922374574001F916E /* UIView+zhLoading.h */ = {isa = PBXFileReference; lastKnownFileType = sourcecode.c.h; path = "UIView+zhLoading.h"; sourceTree = "<group>"; };
		96B2B54A22374574001F916E /* UIView+zhLoading.m */ = {isa = PBXFileReference; lastKnownFileType = sourcecode.c.objc; path = "UIView+zhLoading.m"; sourceTree = "<group>"; };
		96B2B54C223748F8001F916E /* ZHLoadingView.h */ = {isa = PBXFileReference; lastKnownFileType = sourcecode.c.h; path = ZHLoadingView.h; sourceTree = "<group>"; };
		96B2B54D223748F8001F916E /* ZHLoadingView.m */ = {isa = PBXFileReference; lastKnownFileType = sourcecode.c.objc; path = ZHLoadingView.m; sourceTree = "<group>"; };
		96B2B5512237599A001F916E /* UIScrollView+zhEmpty.h */ = {isa = PBXFileReference; lastKnownFileType = sourcecode.c.h; path = "UIScrollView+zhEmpty.h"; sourceTree = "<group>"; };
		96B2B5522237599A001F916E /* UIScrollView+zhEmpty.m */ = {isa = PBXFileReference; lastKnownFileType = sourcecode.c.objc; path = "UIScrollView+zhEmpty.m"; sourceTree = "<group>"; };
		96B2B55422375BDB001F916E /* ZHEmptyView.h */ = {isa = PBXFileReference; lastKnownFileType = sourcecode.c.h; path = ZHEmptyView.h; sourceTree = "<group>"; };
		96B2B55522375BDB001F916E /* ZHEmptyView.m */ = {isa = PBXFileReference; lastKnownFileType = sourcecode.c.objc; path = ZHEmptyView.m; sourceTree = "<group>"; };
		96B2B557223774D7001F916E /* NSFileManager+qbExtension.h */ = {isa = PBXFileReference; lastKnownFileType = sourcecode.c.h; path = "NSFileManager+qbExtension.h"; sourceTree = "<group>"; };
		96B2B558223774D7001F916E /* NSFileManager+qbExtension.m */ = {isa = PBXFileReference; lastKnownFileType = sourcecode.c.objc; path = "NSFileManager+qbExtension.m"; sourceTree = "<group>"; };
		96B2B55A22378671001F916E /* 005.png */ = {isa = PBXFileReference; lastKnownFileType = image.png; path = 005.png; sourceTree = "<group>"; };
		96B2B55C22379412001F916E /* HZAudioRecorder.h */ = {isa = PBXFileReference; lastKnownFileType = sourcecode.c.h; path = HZAudioRecorder.h; sourceTree = "<group>"; };
		96B2B55D22379412001F916E /* HZAudioRecorder.m */ = {isa = PBXFileReference; lastKnownFileType = sourcecode.c.objc; path = HZAudioRecorder.m; sourceTree = "<group>"; };
		96B2B55F2237B744001F916E /* TestViewController.h */ = {isa = PBXFileReference; lastKnownFileType = sourcecode.c.h; path = TestViewController.h; sourceTree = "<group>"; };
		96C0E7DD225F14EB00D8F71A /* ListViewController.h */ = {isa = PBXFileReference; lastKnownFileType = sourcecode.c.h; path = ListViewController.h; sourceTree = "<group>"; };
		96C0E7DE225F14EB00D8F71A /* ListViewController.m */ = {isa = PBXFileReference; lastKnownFileType = sourcecode.c.objc; path = ListViewController.m; sourceTree = "<group>"; };
		96C0E7DF225F14EB00D8F71A /* ListViewController.xib */ = {isa = PBXFileReference; lastKnownFileType = file.xib; path = ListViewController.xib; sourceTree = "<group>"; };
		96C0E7E2225F16BA00D8F71A /* ZHSystemCameraViewController.h */ = {isa = PBXFileReference; lastKnownFileType = sourcecode.c.h; path = ZHSystemCameraViewController.h; sourceTree = "<group>"; };
		96C0E7E3225F16BA00D8F71A /* ZHSystemCameraViewController.m */ = {isa = PBXFileReference; lastKnownFileType = sourcecode.c.objc; path = ZHSystemCameraViewController.m; sourceTree = "<group>"; };
		96CA39A5224088630089EF4E /* ArchiveModel.h */ = {isa = PBXFileReference; lastKnownFileType = sourcecode.c.h; path = ArchiveModel.h; sourceTree = "<group>"; };
		96CA39A6224088630089EF4E /* ArchiveModel.m */ = {isa = PBXFileReference; lastKnownFileType = sourcecode.c.objc; path = ArchiveModel.m; sourceTree = "<group>"; };
		96CA39A82240A9690089EF4E /* NSObject+Method.h */ = {isa = PBXFileReference; lastKnownFileType = sourcecode.c.h; path = "NSObject+Method.h"; sourceTree = "<group>"; };
		96CA39A92240A9690089EF4E /* NSObject+Method.m */ = {isa = PBXFileReference; lastKnownFileType = sourcecode.c.objc; path = "NSObject+Method.m"; sourceTree = "<group>"; };
		96CA39AD2240D3B20089EF4E /* ThreadModel.h */ = {isa = PBXFileReference; lastKnownFileType = sourcecode.c.h; path = ThreadModel.h; sourceTree = "<group>"; };
		96CA39AE2240D3B20089EF4E /* ThreadModel.m */ = {isa = PBXFileReference; lastKnownFileType = sourcecode.c.objc; path = ThreadModel.m; sourceTree = "<group>"; };
		96CA39B02240DD3E0089EF4E /* CustomProtocol.h */ = {isa = PBXFileReference; lastKnownFileType = sourcecode.c.h; path = CustomProtocol.h; sourceTree = "<group>"; };
		96CA39B2224219500089EF4E /* copyTestModel.h */ = {isa = PBXFileReference; lastKnownFileType = sourcecode.c.h; path = copyTestModel.h; sourceTree = "<group>"; };
		96CA39B3224219500089EF4E /* copyTestModel.m */ = {isa = PBXFileReference; lastKnownFileType = sourcecode.c.objc; path = copyTestModel.m; sourceTree = "<group>"; };
		96CA39B5224219610089EF4E /* assinTestModel.h */ = {isa = PBXFileReference; lastKnownFileType = sourcecode.c.h; path = assinTestModel.h; sourceTree = "<group>"; };
		96CA39B6224219610089EF4E /* assinTestModel.m */ = {isa = PBXFileReference; lastKnownFileType = sourcecode.c.objc; path = assinTestModel.m; sourceTree = "<group>"; };
		96CA39B8224219760089EF4E /* weakTestModel.h */ = {isa = PBXFileReference; lastKnownFileType = sourcecode.c.h; path = weakTestModel.h; sourceTree = "<group>"; };
		96CA39B9224219760089EF4E /* weakTestModel.m */ = {isa = PBXFileReference; lastKnownFileType = sourcecode.c.objc; path = weakTestModel.m; sourceTree = "<group>"; };
		96CA39C0224324E80089EF4E /* TestXibViewController.h */ = {isa = PBXFileReference; lastKnownFileType = sourcecode.c.h; path = TestXibViewController.h; sourceTree = "<group>"; };
		96CA39C1224324E80089EF4E /* TestXibViewController.m */ = {isa = PBXFileReference; lastKnownFileType = sourcecode.c.objc; path = TestXibViewController.m; sourceTree = "<group>"; };
		96CA39C2224324E80089EF4E /* TestXibViewController.xib */ = {isa = PBXFileReference; lastKnownFileType = file.xib; path = TestXibViewController.xib; sourceTree = "<group>"; };
		96CA39C52243251B0089EF4E /* TestViewController.m */ = {isa = PBXFileReference; fileEncoding = 4; lastKnownFileType = sourcecode.c.objc; path = TestViewController.m; sourceTree = "<group>"; };
		96CA39C7224328610089EF4E /* TimerTestViewController.h */ = {isa = PBXFileReference; lastKnownFileType = sourcecode.c.h; path = TimerTestViewController.h; sourceTree = "<group>"; };
		96CA39C8224328610089EF4E /* TimerTestViewController.m */ = {isa = PBXFileReference; lastKnownFileType = sourcecode.c.objc; path = TimerTestViewController.m; sourceTree = "<group>"; };
		96CA39C9224328610089EF4E /* TimerTestViewController.xib */ = {isa = PBXFileReference; lastKnownFileType = file.xib; path = TimerTestViewController.xib; sourceTree = "<group>"; };
		96CA39CD2243290E0089EF4E /* TimerActionModel.h */ = {isa = PBXFileReference; lastKnownFileType = sourcecode.c.h; path = TimerActionModel.h; sourceTree = "<group>"; };
		96CA39CE2243290E0089EF4E /* TimerActionModel.m */ = {isa = PBXFileReference; lastKnownFileType = sourcecode.c.objc; path = TimerActionModel.m; sourceTree = "<group>"; };
		96CA39D722432C0C0089EF4E /* CricleModelTestA.h */ = {isa = PBXFileReference; lastKnownFileType = sourcecode.c.h; path = CricleModelTestA.h; sourceTree = "<group>"; };
		96CA39D822432C0C0089EF4E /* CricleModelTestA.m */ = {isa = PBXFileReference; lastKnownFileType = sourcecode.c.objc; path = CricleModelTestA.m; sourceTree = "<group>"; };
		96CA39DA22432C190089EF4E /* CricleModelTestB.h */ = {isa = PBXFileReference; lastKnownFileType = sourcecode.c.h; path = CricleModelTestB.h; sourceTree = "<group>"; };
		96CA39DB22432C190089EF4E /* CricleModelTestB.m */ = {isa = PBXFileReference; lastKnownFileType = sourcecode.c.objc; path = CricleModelTestB.m; sourceTree = "<group>"; };
		96CA39E12243303C0089EF4E /* UIButton+Ext.h */ = {isa = PBXFileReference; lastKnownFileType = sourcecode.c.h; path = "UIButton+Ext.h"; sourceTree = "<group>"; };
		96CA39E2224330520089EF4E /* UIButton+Cate.h */ = {isa = PBXFileReference; lastKnownFileType = sourcecode.c.h; path = "UIButton+Cate.h"; sourceTree = "<group>"; };
		96CA39E3224330520089EF4E /* UIButton+Cate.m */ = {isa = PBXFileReference; lastKnownFileType = sourcecode.c.objc; path = "UIButton+Cate.m"; sourceTree = "<group>"; };
		96CA39E5224330730089EF4E /* TestProto.h */ = {isa = PBXFileReference; lastKnownFileType = sourcecode.c.h; path = TestProto.h; sourceTree = "<group>"; };
		96CA39E6224330860089EF4E /* NSObject+Ext.h */ = {isa = PBXFileReference; lastKnownFileType = sourcecode.c.h; path = "NSObject+Ext.h"; sourceTree = "<group>"; };
		96CA39E722433DC40089EF4E /* LayerTestView.h */ = {isa = PBXFileReference; lastKnownFileType = sourcecode.c.h; path = LayerTestView.h; sourceTree = "<group>"; };
		96CA39E822433DC40089EF4E /* LayerTestView.m */ = {isa = PBXFileReference; lastKnownFileType = sourcecode.c.objc; path = LayerTestView.m; sourceTree = "<group>"; };
/* End PBXFileReference section */

/* Begin PBXFrameworksBuildPhase section */
		96B2B4C02236387F001F916E /* Frameworks */ = {
			isa = PBXFrameworksBuildPhase;
			buildActionMask = 2147483647;
			files = (
			);
			runOnlyForDeploymentPostprocessing = 0;
		};
/* End PBXFrameworksBuildPhase section */

/* Begin PBXGroup section */
		966174A4223E4239000532D8 /* AutomaticArchive */ = {
			isa = PBXGroup;
			children = (
				96CA39A5224088630089EF4E /* ArchiveModel.h */,
				96CA39A6224088630089EF4E /* ArchiveModel.m */,
				96CA39A82240A9690089EF4E /* NSObject+Method.h */,
				96CA39A92240A9690089EF4E /* NSObject+Method.m */,
			);
			path = AutomaticArchive;
			sourceTree = "<group>";
		};
		96B2B4BA2236387F001F916E = {
			isa = PBXGroup;
			children = (
				96B2B4C52236387F001F916E /* ZHCustomKit */,
				96B2B4C42236387F001F916E /* Products */,
			);
			sourceTree = "<group>";
		};
		96B2B4C42236387F001F916E /* Products */ = {
			isa = PBXGroup;
			children = (
				96B2B4C32236387F001F916E /* ZHCustomKit.app */,
			);
			name = Products;
			sourceTree = "<group>";
		};
		96B2B4C52236387F001F916E /* ZHCustomKit */ = {
			isa = PBXGroup;
			children = (
				96B2B50D22364C18001F916E /* ZHCustomKit */,
				96B2B4C62236387F001F916E /* AppDelegate.h */,
				96B2B4C72236387F001F916E /* AppDelegate.m */,
				96B2B4C92236387F001F916E /* ViewController.h */,
				96B2B4CA2236387F001F916E /* ViewController.m */,
				96B2B55F2237B744001F916E /* TestViewController.h */,
				96CA39C52243251B0089EF4E /* TestViewController.m */,
				96C0E7DD225F14EB00D8F71A /* ListViewController.h */,
				96C0E7DE225F14EB00D8F71A /* ListViewController.m */,
				96C0E7DF225F14EB00D8F71A /* ListViewController.xib */,
				96CA39AB2240D37A0089EF4E /* Objective_C */,
				96B2B55A22378671001F916E /* 005.png */,
				96B2B4CC2236387F001F916E /* Main.storyboard */,
				96B2B4CF22363881001F916E /* Assets.xcassets */,
				96B2B4D122363881001F916E /* LaunchScreen.storyboard */,
				96B2B4D422363881001F916E /* Info.plist */,
				96B2B4D522363881001F916E /* main.m */,
			);
			path = ZHCustomKit;
			sourceTree = "<group>";
		};
		96B2B50D22364C18001F916E /* ZHCustomKit */ = {
			isa = PBXGroup;
			children = (
				96B2B5482237451F001F916E /* LoadingAndEmpt */,
				96B2B547223744B3001F916E /* AVFile */,
				96B2B53A223651CC001F916E /* DeviceInfo */,
				96B2B50E22364C18001F916E /* QBSwizzing */,
				96B2B51522364C18001F916E /* QBCategory */,
				96B2B54122365263001F916E /* ZHCustomCommon.h */,
				96B2B54222365263001F916E /* ZHCustomCommon.m */,
			);
			name = ZHCustomKit;
			path = ../../ZHCustomKit;
			sourceTree = "<group>";
		};
		96B2B50E22364C18001F916E /* QBSwizzing */ = {
			isa = PBXGroup;
			children = (
				96B2B51222364C18001F916E /* NSArray+Swizzing.h */,
				96B2B51022364C18001F916E /* NSArray+Swizzing.m */,
				96B2B51122364C18001F916E /* NSDictionary+Swizzle.h */,
				96B2B50F22364C18001F916E /* NSDictionary+Swizzle.m */,
			);
			path = QBSwizzing;
			sourceTree = "<group>";
		};
		96B2B51522364C18001F916E /* QBCategory */ = {
			isa = PBXGroup;
			children = (
				96B2B52A22364C18001F916E /* NSDate+qbExtension.h */,
				96B2B51D22364C18001F916E /* NSDate+qbExtension.m */,
				96B2B51922364C18001F916E /* NSString+qbExtension.h */,
				96B2B52622364C18001F916E /* NSString+qbExtension.m */,
				96B2B51822364C18001F916E /* UIButton+qbLayoutInset.h */,
				96B2B52122364C18001F916E /* UIButton+qbLayoutInset.m */,
				96B2B52922364C18001F916E /* UIColor+qbExtension.h */,
				96B2B51E22364C18001F916E /* UIColor+qbExtension.m */,
				96B2B51722364C18001F916E /* UIFont+qbExtension.h */,
				96B2B52222364C18001F916E /* UIFont+qbExtension.m */,
				96B2B51C22364C18001F916E /* UIImage+qbColor.h */,
				96B2B52B22364C18001F916E /* UIImage+qbColor.m */,
				96B2B52722364C18001F916E /* UIImage+qbExtension.h */,
				96B2B52022364C18001F916E /* UIImage+qbExtension.m */,
				96B2B51A22364C18001F916E /* UILabel+qbCopy.h */,
				96B2B52522364C18001F916E /* UILabel+qbCopy.m */,
				96B2B51F22364C18001F916E /* UITextView+qbPlaceholder.h */,
				96B2B52822364C18001F916E /* UITextView+qbPlaceholder.m */,
				966174A5223E42B9000532D8 /* NSObject+qbAutoArchive.h */,
				966174A6223E42B9000532D8 /* NSObject+qbAutoArchive.m */,
				96B2B52322364C18001F916E /* UIView+qbFrame.h */,
				96B2B51622364C18001F916E /* UIView+qbFrame.m */,
				96B2B51B22364C18001F916E /* UIViewController+qbExtension.h */,
				96B2B52422364C18001F916E /* UIViewController+qbExtension.m */,
				96B2B557223774D7001F916E /* NSFileManager+qbExtension.h */,
				96B2B558223774D7001F916E /* NSFileManager+qbExtension.m */,
			);
			path = QBCategory;
			sourceTree = "<group>";
		};
		96B2B53A223651CC001F916E /* DeviceInfo */ = {
			isa = PBXGroup;
			children = (
				96B2B53C223651CC001F916E /* CD_DeviceInfoCommon.h */,
				96B2B53E223651CC001F916E /* CD_DeviceInfoCommon.m */,
				96B2B53D223651CC001F916E /* CD_KeyChainManager.h */,
				96B2B53B223651CC001F916E /* CD_KeyChainManager.m */,
			);
			path = DeviceInfo;
			sourceTree = "<group>";
		};
		96B2B547223744B3001F916E /* AVFile */ = {
			isa = PBXGroup;
			children = (
				96B2B55C22379412001F916E /* HZAudioRecorder.h */,
				96B2B55D22379412001F916E /* HZAudioRecorder.m */,
			);
			path = AVFile;
			sourceTree = "<group>";
		};
		96B2B5482237451F001F916E /* LoadingAndEmpt */ = {
			isa = PBXGroup;
			children = (
				96B2B54922374574001F916E /* UIView+zhLoading.h */,
				96B2B54A22374574001F916E /* UIView+zhLoading.m */,
				96B2B54C223748F8001F916E /* ZHLoadingView.h */,
				96B2B54D223748F8001F916E /* ZHLoadingView.m */,
				96B2B5512237599A001F916E /* UIScrollView+zhEmpty.h */,
				96B2B5522237599A001F916E /* UIScrollView+zhEmpty.m */,
				96B2B55422375BDB001F916E /* ZHEmptyView.h */,
				96B2B55522375BDB001F916E /* ZHEmptyView.m */,
			);
			path = LoadingAndEmpt;
			sourceTree = "<group>";
		};
		96C0E7DC225F145C00D8F71A /* AVFoundation */ = {
			isa = PBXGroup;
			children = (
				96C0E7E2225F16BA00D8F71A /* ZHSystemCameraViewController.h */,
				96C0E7E3225F16BA00D8F71A /* ZHSystemCameraViewController.m */,
			);
			path = AVFoundation;
			sourceTree = "<group>";
		};
		96CA39AB2240D37A0089EF4E /* Objective_C */ = {
			isa = PBXGroup;
			children = (
				96C0E7DC225F145C00D8F71A /* AVFoundation */,
				966174A4223E4239000532D8 /* AutomaticArchive */,
				96B2B51322364C18001F916E /* TestObject.h */,
				96B2B51422364C18001F916E /* TestObject.m */,
				96CA39B02240DD3E0089EF4E /* CustomProtocol.h */,
				96CA39B1224219370089EF4E /* 属性修饰符 */,
				96CA39AC2240D39B0089EF4E /* 多线程 */,
				96617498223DF09F000532D8 /* MRCTestModel.h */,
				96617499223DF09F000532D8 /* MRCTestModel.m */,
				96CA39D022432A840089EF4E /* 循环引用 */,
				96CA39CC224328E50089EF4E /* 定时器 */,
				9661749B223DF122000532D8 /* ARCTestModel.h */,
				9661749C223DF122000532D8 /* ARCTestModel.m */,
				9661749E223E17BA000532D8 /* msgSendModel.h */,
				9661749F223E17BA000532D8 /* msgSendModel.m */,
				96617495223A5645000532D8 /* Person.h */,
				96617496223A5645000532D8 /* Person.m */,
				966174A1223E3823000532D8 /* Woman.h */,
				966174A2223E3823000532D8 /* Woman.m */,
			);
			path = Objective_C;
			sourceTree = "<group>";
		};
		96CA39AC2240D39B0089EF4E /* 多线程 */ = {
			isa = PBXGroup;
			children = (
				96CA39AD2240D3B20089EF4E /* ThreadModel.h */,
				96CA39AE2240D3B20089EF4E /* ThreadModel.m */,
			);
			path = "多线程";
			sourceTree = "<group>";
		};
		96CA39B1224219370089EF4E /* 属性修饰符 */ = {
			isa = PBXGroup;
			children = (
				96CA39B2224219500089EF4E /* copyTestModel.h */,
				96CA39B3224219500089EF4E /* copyTestModel.m */,
				96CA39B5224219610089EF4E /* assinTestModel.h */,
				96CA39B6224219610089EF4E /* assinTestModel.m */,
				96CA39B8224219760089EF4E /* weakTestModel.h */,
				96CA39B9224219760089EF4E /* weakTestModel.m */,
			);
			path = "属性修饰符";
			sourceTree = "<group>";
		};
		96CA39CC224328E50089EF4E /* 定时器 */ = {
			isa = PBXGroup;
			children = (
				96CA39C0224324E80089EF4E /* TestXibViewController.h */,
				96CA39C1224324E80089EF4E /* TestXibViewController.m */,
				96CA39C2224324E80089EF4E /* TestXibViewController.xib */,
				96CA39C7224328610089EF4E /* TimerTestViewController.h */,
				96CA39C8224328610089EF4E /* TimerTestViewController.m */,
				96CA39C9224328610089EF4E /* TimerTestViewController.xib */,
				96CA39CD2243290E0089EF4E /* TimerActionModel.h */,
				96CA39CE2243290E0089EF4E /* TimerActionModel.m */,
				96CA39E722433DC40089EF4E /* LayerTestView.h */,
				96CA39E822433DC40089EF4E /* LayerTestView.m */,
			);
			path = "定时器";
			sourceTree = "<group>";
		};
		96CA39D022432A840089EF4E /* 循环引用 */ = {
			isa = PBXGroup;
			children = (
				96CA39D722432C0C0089EF4E /* CricleModelTestA.h */,
				96CA39D822432C0C0089EF4E /* CricleModelTestA.m */,
				96CA39DA22432C190089EF4E /* CricleModelTestB.h */,
				96CA39DB22432C190089EF4E /* CricleModelTestB.m */,
				96CA39E5224330730089EF4E /* TestProto.h */,
				96CA39E6224330860089EF4E /* NSObject+Ext.h */,
				96CA39E12243303C0089EF4E /* UIButton+Ext.h */,
				96CA39E2224330520089EF4E /* UIButton+Cate.h */,
				96CA39E3224330520089EF4E /* UIButton+Cate.m */,
			);
			path = "循环引用";
			sourceTree = "<group>";
		};
/* End PBXGroup section */

/* Begin PBXNativeTarget section */
		96B2B4C22236387F001F916E /* ZHCustomKit */ = {
			isa = PBXNativeTarget;
			buildConfigurationList = 96B2B4D922363881001F916E /* Build configuration list for PBXNativeTarget "ZHCustomKit" */;
			buildPhases = (
				96B2B4BF2236387F001F916E /* Sources */,
				96B2B4C02236387F001F916E /* Frameworks */,
				96B2B4C12236387F001F916E /* Resources */,
			);
			buildRules = (
			);
			dependencies = (
			);
			name = ZHCustomKit;
			productName = ZHCustomKit;
			productReference = 96B2B4C32236387F001F916E /* ZHCustomKit.app */;
			productType = "com.apple.product-type.application";
		};
/* End PBXNativeTarget section */

/* Begin PBXProject section */
		96B2B4BB2236387F001F916E /* Project object */ = {
			isa = PBXProject;
			attributes = {
				LastUpgradeCheck = 1000;
				ORGANIZATIONNAME = sobeycloud;
				TargetAttributes = {
					96B2B4C22236387F001F916E = {
						CreatedOnToolsVersion = 10.0;
					};
				};
			};
			buildConfigurationList = 96B2B4BE2236387F001F916E /* Build configuration list for PBXProject "ZHCustomKit" */;
			compatibilityVersion = "Xcode 9.3";
			developmentRegion = en;
			hasScannedForEncodings = 0;
			knownRegions = (
				en,
				Base,
			);
			mainGroup = 96B2B4BA2236387F001F916E;
			productRefGroup = 96B2B4C42236387F001F916E /* Products */;
			projectDirPath = "";
			projectRoot = "";
			targets = (
				96B2B4C22236387F001F916E /* ZHCustomKit */,
			);
		};
/* End PBXProject section */

/* Begin PBXResourcesBuildPhase section */
		96B2B4C12236387F001F916E /* Resources */ = {
			isa = PBXResourcesBuildPhase;
			buildActionMask = 2147483647;
			files = (
				96CA39CB224328610089EF4E /* TimerTestViewController.xib in Resources */,
				96CA39C4224324E80089EF4E /* TestXibViewController.xib in Resources */,
				96C0E7E1225F14EB00D8F71A /* ListViewController.xib in Resources */,
				96B2B4D322363881001F916E /* LaunchScreen.storyboard in Resources */,
				96B2B4D022363881001F916E /* Assets.xcassets in Resources */,
				96B2B4CE2236387F001F916E /* Main.storyboard in Resources */,
				96B2B55B22378672001F916E /* 005.png in Resources */,
			);
			runOnlyForDeploymentPostprocessing = 0;
		};
/* End PBXResourcesBuildPhase section */

/* Begin PBXSourcesBuildPhase section */
		96B2B4BF2236387F001F916E /* Sources */ = {
			isa = PBXSourcesBuildPhase;
			buildActionMask = 2147483647;
			files = (
				96B2B53F223651CC001F916E /* CD_KeyChainManager.m in Sources */,
				96CA39AF2240D3B20089EF4E /* ThreadModel.m in Sources */,
				96B2B53022364C18001F916E /* NSDate+qbExtension.m in Sources */,
				96617497223A5645000532D8 /* Person.m in Sources */,
				96CA39E4224330520089EF4E /* UIButton+Cate.m in Sources */,
				96B2B540223651CC001F916E /* CD_DeviceInfoCommon.m in Sources */,
				966174A3223E3823000532D8 /* Woman.m in Sources */,
				96B2B53522364C18001F916E /* UIViewController+qbExtension.m in Sources */,
				96B2B4CB2236387F001F916E /* ViewController.m in Sources */,
				96B2B52D22364C18001F916E /* NSArray+Swizzing.m in Sources */,
				96CA39C3224324E80089EF4E /* TestXibViewController.m in Sources */,
				96B2B53722364C18001F916E /* NSString+qbExtension.m in Sources */,
				96CA39CA224328610089EF4E /* TimerTestViewController.m in Sources */,
				96CA39D922432C0C0089EF4E /* CricleModelTestA.m in Sources */,
				96B2B559223774D7001F916E /* NSFileManager+qbExtension.m in Sources */,
				96B2B54E223748F8001F916E /* ZHLoadingView.m in Sources */,
				9661749A223DF09F000532D8 /* MRCTestModel.m in Sources */,
				96CA39C62243251B0089EF4E /* TestViewController.m in Sources */,
				96B2B53822364C18001F916E /* UITextView+qbPlaceholder.m in Sources */,
				96B2B4D622363881001F916E /* main.m in Sources */,
				96CA39A7224088630089EF4E /* ArchiveModel.m in Sources */,
				96B2B52E22364C18001F916E /* TestObject.m in Sources */,
				96B2B55E22379412001F916E /* HZAudioRecorder.m in Sources */,
				96B2B53222364C18001F916E /* UIImage+qbExtension.m in Sources */,
				96B2B54B22374574001F916E /* UIView+zhLoading.m in Sources */,
				96CA39B7224219610089EF4E /* assinTestModel.m in Sources */,
				96CA39B4224219500089EF4E /* copyTestModel.m in Sources */,
				96B2B4C82236387F001F916E /* AppDelegate.m in Sources */,
				96CA39E922433DC40089EF4E /* LayerTestView.m in Sources */,
				96B2B53922364C18001F916E /* UIImage+qbColor.m in Sources */,
				96C0E7E0225F14EB00D8F71A /* ListViewController.m in Sources */,
				96CA39BA224219760089EF4E /* weakTestModel.m in Sources */,
				96B2B54322365263001F916E /* ZHCustomCommon.m in Sources */,
				96CA39DC22432C190089EF4E /* CricleModelTestB.m in Sources */,
				96B2B53122364C18001F916E /* UIColor+qbExtension.m in Sources */,
				96C0E7E4225F16BA00D8F71A /* ZHSystemCameraViewController.m in Sources */,
				96B2B5532237599A001F916E /* UIScrollView+zhEmpty.m in Sources */,
				9661749D223DF122000532D8 /* ARCTestModel.m in Sources */,
				966174A0223E17BA000532D8 /* msgSendModel.m in Sources */,
				96B2B53322364C18001F916E /* UIButton+qbLayoutInset.m in Sources */,
				96B2B53622364C18001F916E /* UILabel+qbCopy.m in Sources */,
				96B2B55622375BDB001F916E /* ZHEmptyView.m in Sources */,
				96B2B52F22364C18001F916E /* UIView+qbFrame.m in Sources */,
				96CA39CF2243290E0089EF4E /* TimerActionModel.m in Sources */,
				966174A7223E42B9000532D8 /* NSObject+qbAutoArchive.m in Sources */,
				96B2B52C22364C18001F916E /* NSDictionary+Swizzle.m in Sources */,
				96CA39AA2240A9690089EF4E /* NSObject+Method.m in Sources */,
				96B2B53422364C18001F916E /* UIFont+qbExtension.m in Sources */,
			);
			runOnlyForDeploymentPostprocessing = 0;
		};
/* End PBXSourcesBuildPhase section */

/* Begin PBXVariantGroup section */
		96B2B4CC2236387F001F916E /* Main.storyboard */ = {
			isa = PBXVariantGroup;
			children = (
				96B2B4CD2236387F001F916E /* Base */,
			);
			name = Main.storyboard;
			sourceTree = "<group>";
		};
		96B2B4D122363881001F916E /* LaunchScreen.storyboard */ = {
			isa = PBXVariantGroup;
			children = (
				96B2B4D222363881001F916E /* Base */,
			);
			name = LaunchScreen.storyboard;
			sourceTree = "<group>";
		};
/* End PBXVariantGroup section */

/* Begin XCBuildConfiguration section */
		96B2B4D722363881001F916E /* Debug */ = {
			isa = XCBuildConfiguration;
			buildSettings = {
				ALWAYS_SEARCH_USER_PATHS = NO;
				CLANG_ANALYZER_NONNULL = YES;
				CLANG_ANALYZER_NUMBER_OBJECT_CONVERSION = YES_AGGRESSIVE;
				CLANG_CXX_LANGUAGE_STANDARD = "gnu++14";
				CLANG_CXX_LIBRARY = "libc++";
				CLANG_ENABLE_MODULES = YES;
				CLANG_ENABLE_OBJC_ARC = YES;
				CLANG_ENABLE_OBJC_WEAK = YES;
				CLANG_WARN_BLOCK_CAPTURE_AUTORELEASING = YES;
				CLANG_WARN_BOOL_CONVERSION = YES;
				CLANG_WARN_COMMA = YES;
				CLANG_WARN_CONSTANT_CONVERSION = YES;
				CLANG_WARN_DEPRECATED_OBJC_IMPLEMENTATIONS = YES;
				CLANG_WARN_DIRECT_OBJC_ISA_USAGE = YES_ERROR;
				CLANG_WARN_DOCUMENTATION_COMMENTS = YES;
				CLANG_WARN_EMPTY_BODY = YES;
				CLANG_WARN_ENUM_CONVERSION = YES;
				CLANG_WARN_INFINITE_RECURSION = YES;
				CLANG_WARN_INT_CONVERSION = YES;
				CLANG_WARN_NON_LITERAL_NULL_CONVERSION = YES;
				CLANG_WARN_OBJC_IMPLICIT_RETAIN_SELF = YES;
				CLANG_WARN_OBJC_LITERAL_CONVERSION = YES;
				CLANG_WARN_OBJC_ROOT_CLASS = YES_ERROR;
				CLANG_WARN_RANGE_LOOP_ANALYSIS = YES;
				CLANG_WARN_STRICT_PROTOTYPES = YES;
				CLANG_WARN_SUSPICIOUS_MOVE = YES;
				CLANG_WARN_UNGUARDED_AVAILABILITY = YES_AGGRESSIVE;
				CLANG_WARN_UNREACHABLE_CODE = YES;
				CLANG_WARN__DUPLICATE_METHOD_MATCH = YES;
				CODE_SIGN_IDENTITY = "iPhone Developer";
				COPY_PHASE_STRIP = NO;
				DEBUG_INFORMATION_FORMAT = dwarf;
				ENABLE_STRICT_OBJC_MSGSEND = YES;
				ENABLE_TESTABILITY = YES;
				GCC_C_LANGUAGE_STANDARD = gnu11;
				GCC_DYNAMIC_NO_PIC = NO;
				GCC_NO_COMMON_BLOCKS = YES;
				GCC_OPTIMIZATION_LEVEL = 0;
				GCC_PREPROCESSOR_DEFINITIONS = (
					"DEBUG=1",
					"$(inherited)",
				);
				GCC_WARN_64_TO_32_BIT_CONVERSION = YES;
				GCC_WARN_ABOUT_RETURN_TYPE = YES_ERROR;
				GCC_WARN_UNDECLARED_SELECTOR = YES;
				GCC_WARN_UNINITIALIZED_AUTOS = YES_AGGRESSIVE;
				GCC_WARN_UNUSED_FUNCTION = YES;
				GCC_WARN_UNUSED_VARIABLE = YES;
				IPHONEOS_DEPLOYMENT_TARGET = 12.0;
				MTL_ENABLE_DEBUG_INFO = INCLUDE_SOURCE;
				MTL_FAST_MATH = YES;
				ONLY_ACTIVE_ARCH = YES;
				SDKROOT = iphoneos;
			};
			name = Debug;
		};
		96B2B4D822363881001F916E /* Release */ = {
			isa = XCBuildConfiguration;
			buildSettings = {
				ALWAYS_SEARCH_USER_PATHS = NO;
				CLANG_ANALYZER_NONNULL = YES;
				CLANG_ANALYZER_NUMBER_OBJECT_CONVERSION = YES_AGGRESSIVE;
				CLANG_CXX_LANGUAGE_STANDARD = "gnu++14";
				CLANG_CXX_LIBRARY = "libc++";
				CLANG_ENABLE_MODULES = YES;
				CLANG_ENABLE_OBJC_ARC = YES;
				CLANG_ENABLE_OBJC_WEAK = YES;
				CLANG_WARN_BLOCK_CAPTURE_AUTORELEASING = YES;
				CLANG_WARN_BOOL_CONVERSION = YES;
				CLANG_WARN_COMMA = YES;
				CLANG_WARN_CONSTANT_CONVERSION = YES;
				CLANG_WARN_DEPRECATED_OBJC_IMPLEMENTATIONS = YES;
				CLANG_WARN_DIRECT_OBJC_ISA_USAGE = YES_ERROR;
				CLANG_WARN_DOCUMENTATION_COMMENTS = YES;
				CLANG_WARN_EMPTY_BODY = YES;
				CLANG_WARN_ENUM_CONVERSION = YES;
				CLANG_WARN_INFINITE_RECURSION = YES;
				CLANG_WARN_INT_CONVERSION = YES;
				CLANG_WARN_NON_LITERAL_NULL_CONVERSION = YES;
				CLANG_WARN_OBJC_IMPLICIT_RETAIN_SELF = YES;
				CLANG_WARN_OBJC_LITERAL_CONVERSION = YES;
				CLANG_WARN_OBJC_ROOT_CLASS = YES_ERROR;
				CLANG_WARN_RANGE_LOOP_ANALYSIS = YES;
				CLANG_WARN_STRICT_PROTOTYPES = YES;
				CLANG_WARN_SUSPICIOUS_MOVE = YES;
				CLANG_WARN_UNGUARDED_AVAILABILITY = YES_AGGRESSIVE;
				CLANG_WARN_UNREACHABLE_CODE = YES;
				CLANG_WARN__DUPLICATE_METHOD_MATCH = YES;
				CODE_SIGN_IDENTITY = "iPhone Developer";
				COPY_PHASE_STRIP = NO;
				DEBUG_INFORMATION_FORMAT = "dwarf-with-dsym";
				ENABLE_NS_ASSERTIONS = NO;
				ENABLE_STRICT_OBJC_MSGSEND = YES;
				GCC_C_LANGUAGE_STANDARD = gnu11;
				GCC_NO_COMMON_BLOCKS = YES;
				GCC_WARN_64_TO_32_BIT_CONVERSION = YES;
				GCC_WARN_ABOUT_RETURN_TYPE = YES_ERROR;
				GCC_WARN_UNDECLARED_SELECTOR = YES;
				GCC_WARN_UNINITIALIZED_AUTOS = YES_AGGRESSIVE;
				GCC_WARN_UNUSED_FUNCTION = YES;
				GCC_WARN_UNUSED_VARIABLE = YES;
				IPHONEOS_DEPLOYMENT_TARGET = 12.0;
				MTL_ENABLE_DEBUG_INFO = NO;
				MTL_FAST_MATH = YES;
				SDKROOT = iphoneos;
				VALIDATE_PRODUCT = YES;
			};
			name = Release;
		};
		96B2B4DA22363881001F916E /* Debug */ = {
			isa = XCBuildConfiguration;
			buildSettings = {
				ASSETCATALOG_COMPILER_APPICON_NAME = AppIcon;
				CLANG_ENABLE_OBJC_ARC = YES;
				CLANG_ENABLE_OBJC_WEAK = NO;
				CLANG_LINK_OBJC_RUNTIME = YES;
				CODE_SIGN_STYLE = Automatic;
				DEVELOPMENT_TEAM = 8E8B62FMRK;
				ENABLE_STRICT_OBJC_MSGSEND = NO;
				INFOPLIST_FILE = ZHCustomKit/Info.plist;
				IPHONEOS_DEPLOYMENT_TARGET = 9.0;
				LD_RUNPATH_SEARCH_PATHS = (
					"$(inherited)",
					"@executable_path/Frameworks",
				);
				PRODUCT_BUNDLE_IDENTIFIER = com.sobeycloud.ZHCustomKit;
				PRODUCT_NAME = "$(TARGET_NAME)";
				TARGETED_DEVICE_FAMILY = "1,2";
			};
			name = Debug;
		};
		96B2B4DB22363881001F916E /* Release */ = {
			isa = XCBuildConfiguration;
			buildSettings = {
				ASSETCATALOG_COMPILER_APPICON_NAME = AppIcon;
				CLANG_ENABLE_OBJC_ARC = YES;
				CLANG_ENABLE_OBJC_WEAK = NO;
				CLANG_LINK_OBJC_RUNTIME = YES;
				CODE_SIGN_STYLE = Automatic;
				DEVELOPMENT_TEAM = 8E8B62FMRK;
				ENABLE_STRICT_OBJC_MSGSEND = NO;
				INFOPLIST_FILE = ZHCustomKit/Info.plist;
				IPHONEOS_DEPLOYMENT_TARGET = 9.0;
				LD_RUNPATH_SEARCH_PATHS = (
					"$(inherited)",
					"@executable_path/Frameworks",
				);
				PRODUCT_BUNDLE_IDENTIFIER = com.sobeycloud.ZHCustomKit;
				PRODUCT_NAME = "$(TARGET_NAME)";
				TARGETED_DEVICE_FAMILY = "1,2";
			};
			name = Release;
		};
/* End XCBuildConfiguration section */

/* Begin XCConfigurationList section */
		96B2B4BE2236387F001F916E /* Build configuration list for PBXProject "ZHCustomKit" */ = {
			isa = XCConfigurationList;
			buildConfigurations = (
				96B2B4D722363881001F916E /* Debug */,
				96B2B4D822363881001F916E /* Release */,
			);
			defaultConfigurationIsVisible = 0;
			defaultConfigurationName = Release;
		};
		96B2B4D922363881001F916E /* Build configuration list for PBXNativeTarget "ZHCustomKit" */ = {
			isa = XCConfigurationList;
			buildConfigurations = (
				96B2B4DA22363881001F916E /* Debug */,
				96B2B4DB22363881001F916E /* Release */,
			);
			defaultConfigurationIsVisible = 0;
			defaultConfigurationName = Release;
		};
/* End XCConfigurationList section */
	};
	rootObject = 96B2B4BB2236387F001F916E /* Project object */;
}
